// !$*UTF8*$!
{
	archiveVersion = 1;
	classes = {
	};
	objectVersion = 46;
	objects = {

/* Begin PBXBuildFile section */
		5139447E1F7154C20092340A /* DemosViewController.swift in Sources */ = {isa = PBXBuildFile; fileRef = 5139447D1F7154C20092340A /* DemosViewController.swift */; };
		513CAFC51F7A7DD4005B3E45 /* pexels-photo.jpg in Resources */ = {isa = PBXBuildFile; fileRef = 513CAFC41F7A7DD4005B3E45 /* pexels-photo.jpg */; };
		514224F71F6B963F00B9F39C /* images.jpeg in Resources */ = {isa = PBXBuildFile; fileRef = 514224F61F6B963F00B9F39C /* images.jpeg */; };
		514224FB1F6BFAF400B9F39C /* ListViewViewController.swift in Sources */ = {isa = PBXBuildFile; fileRef = 514224FA1F6BFAF400B9F39C /* ListViewViewController.swift */; };
		514224FF1F6BFBCC00B9F39C /* ListViewTableViewCell.swift in Sources */ = {isa = PBXBuildFile; fileRef = 514224FE1F6BFBCC00B9F39C /* ListViewTableViewCell.swift */; };
		514E02341F73B27E001BFB39 /* ReviewsTableViewCell.swift in Sources */ = {isa = PBXBuildFile; fileRef = 514E02331F73B27E001BFB39 /* ReviewsTableViewCell.swift */; };
		514E02361F73BBCF001BFB39 /* CustomHeaderTableViewCell.swift in Sources */ = {isa = PBXBuildFile; fileRef = 514E02351F73BBCF001BFB39 /* CustomHeaderTableViewCell.swift */; };
		514E02381F73BBFC001BFB39 /* PlaceDetailsTableViewCell.swift in Sources */ = {isa = PBXBuildFile; fileRef = 514E02371F73BBFC001BFB39 /* PlaceDetailsTableViewCell.swift */; };
		514E023A1F73C6CC001BFB39 /* MapViewTableViewCell.swift in Sources */ = {isa = PBXBuildFile; fileRef = 514E02391F73C6CC001BFB39 /* MapViewTableViewCell.swift */; };
		515415011F4EA7B0006528B2 /* AppDelegate.swift in Sources */ = {isa = PBXBuildFile; fileRef = 515415001F4EA7B0006528B2 /* AppDelegate.swift */; };
		515415031F4EA7B0006528B2 /* ViewController.swift in Sources */ = {isa = PBXBuildFile; fileRef = 515415021F4EA7B0006528B2 /* ViewController.swift */; };
		515415061F4EA7B0006528B2 /* Main.storyboard in Resources */ = {isa = PBXBuildFile; fileRef = 515415041F4EA7B0006528B2 /* Main.storyboard */; };
		515415081F4EA7B0006528B2 /* Assets.xcassets in Resources */ = {isa = PBXBuildFile; fileRef = 515415071F4EA7B0006528B2 /* Assets.xcassets */; };
		5154150B1F4EA7B1006528B2 /* LaunchScreen.storyboard in Resources */ = {isa = PBXBuildFile; fileRef = 515415091F4EA7B1006528B2 /* LaunchScreen.storyboard */; };
		515415161F4EA7B2006528B2 /* EventosTests.swift in Sources */ = {isa = PBXBuildFile; fileRef = 515415151F4EA7B2006528B2 /* EventosTests.swift */; };
		515415251F4EC8BC006528B2 /* c5c5f226210629.563531c68ee72.jpg in Resources */ = {isa = PBXBuildFile; fileRef = 515415241F4EC8BC006528B2 /* c5c5f226210629.563531c68ee72.jpg */; };
		5155DA1B1F723E820014B6A4 /* SlidingContainerSliderView.swift in Sources */ = {isa = PBXBuildFile; fileRef = 5155DA191F723E820014B6A4 /* SlidingContainerSliderView.swift */; };
		5155DA1C1F723E820014B6A4 /* SlidingContainerViewController.swift in Sources */ = {isa = PBXBuildFile; fileRef = 5155DA1A1F723E820014B6A4 /* SlidingContainerViewController.swift */; };
		5155DA1F1F723FD50014B6A4 /* ColorFile.swift in Sources */ = {isa = PBXBuildFile; fileRef = 5155DA1E1F723FD50014B6A4 /* ColorFile.swift */; };
		5155DA3A1F7291090014B6A4 /* IQNSArray+Sort.swift in Sources */ = {isa = PBXBuildFile; fileRef = 5155DA241F7291090014B6A4 /* IQNSArray+Sort.swift */; };
		5155DA3B1F7291090014B6A4 /* IQUIScrollView+Additions.swift in Sources */ = {isa = PBXBuildFile; fileRef = 5155DA251F7291090014B6A4 /* IQUIScrollView+Additions.swift */; };
		5155DA3C1F7291090014B6A4 /* IQUITextFieldView+Additions.swift in Sources */ = {isa = PBXBuildFile; fileRef = 5155DA261F7291090014B6A4 /* IQUITextFieldView+Additions.swift */; };
		5155DA3D1F7291090014B6A4 /* IQUIView+Hierarchy.swift in Sources */ = {isa = PBXBuildFile; fileRef = 5155DA271F7291090014B6A4 /* IQUIView+Hierarchy.swift */; };
		5155DA3E1F7291090014B6A4 /* IQUIViewController+Additions.swift in Sources */ = {isa = PBXBuildFile; fileRef = 5155DA281F7291090014B6A4 /* IQUIViewController+Additions.swift */; };
		5155DA3F1F7291090014B6A4 /* IQUIWindow+Hierarchy.swift in Sources */ = {isa = PBXBuildFile; fileRef = 5155DA291F7291090014B6A4 /* IQUIWindow+Hierarchy.swift */; };
		5155DA401F7291090014B6A4 /* IQKeyboardManagerConstants.swift in Sources */ = {isa = PBXBuildFile; fileRef = 5155DA2B1F7291090014B6A4 /* IQKeyboardManagerConstants.swift */; };
		5155DA411F7291090014B6A4 /* IQKeyboardManagerConstantsInternal.swift in Sources */ = {isa = PBXBuildFile; fileRef = 5155DA2C1F7291090014B6A4 /* IQKeyboardManagerConstantsInternal.swift */; };
		5155DA421F7291090014B6A4 /* IQKeyboardManager.swift in Sources */ = {isa = PBXBuildFile; fileRef = 5155DA2D1F7291090014B6A4 /* IQKeyboardManager.swift */; };
		5155DA431F7291090014B6A4 /* IQKeyboardReturnKeyHandler.swift in Sources */ = {isa = PBXBuildFile; fileRef = 5155DA2F1F7291090014B6A4 /* IQKeyboardReturnKeyHandler.swift */; };
		5155DA441F7291090014B6A4 /* IQTextView.swift in Sources */ = {isa = PBXBuildFile; fileRef = 5155DA311F7291090014B6A4 /* IQTextView.swift */; };
		5155DA451F7291090014B6A4 /* IQBarButtonItem.swift in Sources */ = {isa = PBXBuildFile; fileRef = 5155DA331F7291090014B6A4 /* IQBarButtonItem.swift */; };
		5155DA461F7291090014B6A4 /* IQPreviousNextView.swift in Sources */ = {isa = PBXBuildFile; fileRef = 5155DA341F7291090014B6A4 /* IQPreviousNextView.swift */; };
		5155DA471F7291090014B6A4 /* IQTitleBarButtonItem.swift in Sources */ = {isa = PBXBuildFile; fileRef = 5155DA351F7291090014B6A4 /* IQTitleBarButtonItem.swift */; };
		5155DA481F7291090014B6A4 /* IQToolbar.swift in Sources */ = {isa = PBXBuildFile; fileRef = 5155DA361F7291090014B6A4 /* IQToolbar.swift */; };
		5155DA491F7291090014B6A4 /* IQUIView+IQKeyboardToolbar.swift in Sources */ = {isa = PBXBuildFile; fileRef = 5155DA371F7291090014B6A4 /* IQUIView+IQKeyboardToolbar.swift */; };
		5155DA4A1F7291090014B6A4 /* IQKeyboardManager.bundle in Resources */ = {isa = PBXBuildFile; fileRef = 5155DA391F7291090014B6A4 /* IQKeyboardManager.bundle */; };
		5155DA4C1F7293100014B6A4 /* PMSuperButton.swift in Sources */ = {isa = PBXBuildFile; fileRef = 5155DA4B1F7293100014B6A4 /* PMSuperButton.swift */; };
		5155DA4E1F72931C0014B6A4 /* ListLoader.swift in Sources */ = {isa = PBXBuildFile; fileRef = 5155DA4D1F72931C0014B6A4 /* ListLoader.swift */; };
		5162BFCD1F8FA00C00A81D1F /* PackagesTableViewCell.swift in Sources */ = {isa = PBXBuildFile; fileRef = 5162BFCC1F8FA00C00A81D1F /* PackagesTableViewCell.swift */; };
		5163D2D11FA0C022007D9E8C /* SearchHeaderTableViewCell.swift in Sources */ = {isa = PBXBuildFile; fileRef = 5163D2D01FA0C022007D9E8C /* SearchHeaderTableViewCell.swift */; };
		5184E4181F57FD6D001FA466 /* GoogleService-Info.plist in Resources */ = {isa = PBXBuildFile; fileRef = 5184E4171F57FD6D001FA466 /* GoogleService-Info.plist */; };
		51960D8B1F7A22DB004B580B /* ListImageCollectionViewCell.swift in Sources */ = {isa = PBXBuildFile; fileRef = 51960D8A1F7A22DB004B580B /* ListImageCollectionViewCell.swift */; };
		51B0D6E01F74B714000114D1 /* SliderSegmentViewController.swift in Sources */ = {isa = PBXBuildFile; fileRef = 51B0D6DF1F74B714000114D1 /* SliderSegmentViewController.swift */; };
		51B0D6E21F74B7D1000114D1 /* SliderCollectionViewCell.swift in Sources */ = {isa = PBXBuildFile; fileRef = 51B0D6E11F74B7D1000114D1 /* SliderCollectionViewCell.swift */; };
		51B0D6E41F74B89A000114D1 /* SegmentCollectionViewCell.swift in Sources */ = {isa = PBXBuildFile; fileRef = 51B0D6E31F74B89A000114D1 /* SegmentCollectionViewCell.swift */; };
		51B0D6E61F74DC85000114D1 /* DemoSegmentCollectionViewCell.swift in Sources */ = {isa = PBXBuildFile; fileRef = 51B0D6E51F74DC85000114D1 /* DemoSegmentCollectionViewCell.swift */; };
		51B0D6E81F74E421000114D1 /* PackageCollectionViewCell.swift in Sources */ = {isa = PBXBuildFile; fileRef = 51B0D6E71F74E421000114D1 /* PackageCollectionViewCell.swift */; };
		51B0D6EA1F74E42E000114D1 /* LoginCollectionViewCell.swift in Sources */ = {isa = PBXBuildFile; fileRef = 51B0D6E91F74E42E000114D1 /* LoginCollectionViewCell.swift */; };
		51E009291F7902F800083FF1 /* Login1ViewController.swift in Sources */ = {isa = PBXBuildFile; fileRef = 51E009281F7902F800083FF1 /* Login1ViewController.swift */; };
		51E0092B1F79163300083FF1 /* bgImage.jpeg in Resources */ = {isa = PBXBuildFile; fileRef = 51E0092A1F79163300083FF1 /* bgImage.jpeg */; };
		51E0092D1F7916D500083FF1 /* bg.jpeg in Resources */ = {isa = PBXBuildFile; fileRef = 51E0092C1F7916D500083FF1 /* bg.jpeg */; };
		51E0092F1F7918A300083FF1 /* cam_bg.jpeg in Resources */ = {isa = PBXBuildFile; fileRef = 51E0092E1F7918A300083FF1 /* cam_bg.jpeg */; };
		51E009311F791A1500083FF1 /* building.jpg in Resources */ = {isa = PBXBuildFile; fileRef = 51E009301F791A1500083FF1 /* building.jpg */; };
		51F18F362018ADA10058E43A /* .gitkeep in Resources */ = {isa = PBXBuildFile; fileRef = 51F18F1D2018ADA10058E43A /* .gitkeep */; };
		51F18F372018ADA10058E43A /* APKenBurnsView.swift in Sources */ = {isa = PBXBuildFile; fileRef = 51F18F1E2018ADA10058E43A /* APKenBurnsView.swift */; };
		51F18F382018ADA10058E43A /* AnimationDataSource.swift in Sources */ = {isa = PBXBuildFile; fileRef = 51F18F212018ADA10058E43A /* AnimationDataSource.swift */; };
		51F18F392018ADA10058E43A /* AnimationDataSourceFactory.swift in Sources */ = {isa = PBXBuildFile; fileRef = 51F18F222018ADA10058E43A /* AnimationDataSourceFactory.swift */; };
		51F18F3A2018ADA10058E43A /* DefaultAnimationDataSource.swift in Sources */ = {isa = PBXBuildFile; fileRef = 51F18F232018ADA10058E43A /* DefaultAnimationDataSource.swift */; };
		51F18F3B2018ADA10058E43A /* FaceAnimationDataSource.swift in Sources */ = {isa = PBXBuildFile; fileRef = 51F18F242018ADA10058E43A /* FaceAnimationDataSource.swift */; };
		51F18F3C2018ADA10058E43A /* CALayer+Pause.swift in Sources */ = {isa = PBXBuildFile; fileRef = 51F18F262018ADA10058E43A /* CALayer+Pause.swift */; };
		51F18F3D2018ADA10058E43A /* UIImageView+ImageAnimation.swift in Sources */ = {isa = PBXBuildFile; fileRef = 51F18F272018ADA10058E43A /* UIImageView+ImageAnimation.swift */; };
		51F18F3E2018ADA10058E43A /* UIView+RestoreAnimations.swift in Sources */ = {isa = PBXBuildFile; fileRef = 51F18F282018ADA10058E43A /* UIView+RestoreAnimations.swift */; };
		51F18F3F2018ADA10058E43A /* FacesDrawer.swift in Sources */ = {isa = PBXBuildFile; fileRef = 51F18F2A2018ADA10058E43A /* FacesDrawer.swift */; };
		51F18F402018ADA10058E43A /* UIImage+FaceDetection.swift in Sources */ = {isa = PBXBuildFile; fileRef = 51F18F2B2018ADA10058E43A /* UIImage+FaceDetection.swift */; };
		51F18F412018ADA10058E43A /* Helpers.swift in Sources */ = {isa = PBXBuildFile; fileRef = 51F18F2C2018ADA10058E43A /* Helpers.swift */; };
		51F18F422018ADA10058E43A /* ImageAnimationCalculator.swift in Sources */ = {isa = PBXBuildFile; fileRef = 51F18F2D2018ADA10058E43A /* ImageAnimationCalculator.swift */; };
		51F18F432018ADA10058E43A /* Models.swift in Sources */ = {isa = PBXBuildFile; fileRef = 51F18F2E2018ADA10058E43A /* Models.swift */; };
		51F18F442018ADA10058E43A /* Random.swift in Sources */ = {isa = PBXBuildFile; fileRef = 51F18F302018ADA10058E43A /* Random.swift */; };
		51F18F452018ADA10058E43A /* RandomGenerator.swift in Sources */ = {isa = PBXBuildFile; fileRef = 51F18F312018ADA10058E43A /* RandomGenerator.swift */; };
		51F18F462018ADA10058E43A /* RuntimeProperties.swift in Sources */ = {isa = PBXBuildFile; fileRef = 51F18F322018ADA10058E43A /* RuntimeProperties.swift */; };
		51F18F472018ADA10058E43A /* BlockTimer.swift in Sources */ = {isa = PBXBuildFile; fileRef = 51F18F342018ADA10058E43A /* BlockTimer.swift */; };
		51F18F482018ADA10058E43A /* StopWatch.swift in Sources */ = {isa = PBXBuildFile; fileRef = 51F18F352018ADA10058E43A /* StopWatch.swift */; };
		51F1BE271F7298D7000C3484 /* CGRectExtension.swift in Sources */ = {isa = PBXBuildFile; fileRef = 51F1BE211F7298D7000C3484 /* CGRectExtension.swift */; };
		51F1BE281F7298D7000C3484 /* CustomTransitionViewController.swift in Sources */ = {isa = PBXBuildFile; fileRef = 51F1BE221F7298D7000C3484 /* CustomTransitionViewController.swift */; };
		51F1BE291F7298D7000C3484 /* FadeTransition.swift in Sources */ = {isa = PBXBuildFile; fileRef = 51F1BE231F7298D7000C3484 /* FadeTransition.swift */; };
		51F1BE2A1F7298D7000C3484 /* Info.plist in Resources */ = {isa = PBXBuildFile; fileRef = 51F1BE241F7298D7000C3484 /* Info.plist */; };
		51F1BE2B1F7298D7000C3484 /* SpinerLayer.swift in Sources */ = {isa = PBXBuildFile; fileRef = 51F1BE251F7298D7000C3484 /* SpinerLayer.swift */; };
		51F1BE2C1F7298D7000C3484 /* TransitionButton.swift in Sources */ = {isa = PBXBuildFile; fileRef = 51F1BE261F7298D7000C3484 /* TransitionButton.swift */; };
		51F1BE311F729CF5000C3484 /* AutoKeyboard.swift in Sources */ = {isa = PBXBuildFile; fileRef = 51F1BE2F1F729CF5000C3484 /* AutoKeyboard.swift */; };
		51F1BE321F729CF5000C3484 /* Info.plist in Resources */ = {isa = PBXBuildFile; fileRef = 51F1BE301F729CF5000C3484 /* Info.plist */; };
		C36906531F7194DF003655B8 /* DemoImageCollectionViewCell.swift in Sources */ = {isa = PBXBuildFile; fileRef = C36906521F7194DE003655B8 /* DemoImageCollectionViewCell.swift */; };
		C36906551F71960E003655B8 /* DetailImageViewViewController.swift in Sources */ = {isa = PBXBuildFile; fileRef = C36906541F71960E003655B8 /* DetailImageViewViewController.swift */; };
		C3888A501F7778BB0045F2ED /* SendEnquiry.xib in Resources */ = {isa = PBXBuildFile; fileRef = C3888A4F1F7778BA0045F2ED /* SendEnquiry.xib */; };
		C3888A551F77811F0045F2ED /* BookMarkedView.swift in Sources */ = {isa = PBXBuildFile; fileRef = C3888A541F77811F0045F2ED /* BookMarkedView.swift */; };
		C3888A571F7796280045F2ED /* SendEnquiryWindow.swift in Sources */ = {isa = PBXBuildFile; fileRef = C3888A561F7796280045F2ED /* SendEnquiryWindow.swift */; };
		C3A1F53F1F7EBB790066B893 /* SelectionViewController.swift in Sources */ = {isa = PBXBuildFile; fileRef = C3A1F53E1F7EBB790066B893 /* SelectionViewController.swift */; };
		C3A976391F7F82D300369D6E /* SelectionImageCollectionViewCell.swift in Sources */ = {isa = PBXBuildFile; fileRef = C3A976381F7F82D300369D6E /* SelectionImageCollectionViewCell.swift */; };
		C3B8A5841F794E8C0021A230 /* www.jpeg in Resources */ = {isa = PBXBuildFile; fileRef = C3B8A5831F794E8C0021A230 /* www.jpeg */; };
		C3D84F6C1F741CC9006E78CB /* AbousUsTableViewCell.swift in Sources */ = {isa = PBXBuildFile; fileRef = C3D84F6B1F741CC9006E78CB /* AbousUsTableViewCell.swift */; };
		C3D84F6E1F742744006E78CB /* SectionHeaderCollectionReusableView.swift in Sources */ = {isa = PBXBuildFile; fileRef = C3D84F6D1F742744006E78CB /* SectionHeaderCollectionReusableView.swift */; };
		C3E19A902018E8280092563B /* FolderViewViewController.swift in Sources */ = {isa = PBXBuildFile; fileRef = C3E19A8F2018E8280092563B /* FolderViewViewController.swift */; };
		C3E19A922018F31A0092563B /* SignInViewController.swift in Sources */ = {isa = PBXBuildFile; fileRef = C3E19A912018F31A0092563B /* SignInViewController.swift */; };
		D82FF4F4CFF1795E59A3D3CB /* Pods_EventosTests.framework in Frameworks */ = {isa = PBXBuildFile; fileRef = 62427791E501E5805BF34705 /* Pods_EventosTests.framework */; };
		E885E0E64B1CFFF8A4E9EB18 /* Pods_Eventos.framework in Frameworks */ = {isa = PBXBuildFile; fileRef = 5A8F04D0881192899B27BEE1 /* Pods_Eventos.framework */; };
/* End PBXBuildFile section */

/* Begin PBXContainerItemProxy section */
		515415121F4EA7B1006528B2 /* PBXContainerItemProxy */ = {
			isa = PBXContainerItemProxy;
			containerPortal = 515414F51F4EA7B0006528B2 /* Project object */;
			proxyType = 1;
			remoteGlobalIDString = 515414FC1F4EA7B0006528B2;
			remoteInfo = Eventos;
		};
/* End PBXContainerItemProxy section */

/* Begin PBXFileReference section */
		49A6810E74F548CF12AC8976 /* Pods-EventosTests.release.xcconfig */ = {isa = PBXFileReference; includeInIndex = 1; lastKnownFileType = text.xcconfig; name = "Pods-EventosTests.release.xcconfig"; path = "Pods/Target Support Files/Pods-EventosTests/Pods-EventosTests.release.xcconfig"; sourceTree = "<group>"; };
		5139447D1F7154C20092340A /* DemosViewController.swift */ = {isa = PBXFileReference; fileEncoding = 4; lastKnownFileType = sourcecode.swift; path = DemosViewController.swift; sourceTree = "<group>"; };
		513CAFC41F7A7DD4005B3E45 /* pexels-photo.jpg */ = {isa = PBXFileReference; lastKnownFileType = image.jpeg; path = "pexels-photo.jpg"; sourceTree = "<group>"; };
		514224F61F6B963F00B9F39C /* images.jpeg */ = {isa = PBXFileReference; lastKnownFileType = image.jpeg; path = images.jpeg; sourceTree = "<group>"; };
		514224FA1F6BFAF400B9F39C /* ListViewViewController.swift */ = {isa = PBXFileReference; fileEncoding = 4; lastKnownFileType = sourcecode.swift; path = ListViewViewController.swift; sourceTree = "<group>"; };
		514224FE1F6BFBCC00B9F39C /* ListViewTableViewCell.swift */ = {isa = PBXFileReference; fileEncoding = 4; lastKnownFileType = sourcecode.swift; path = ListViewTableViewCell.swift; sourceTree = "<group>"; };
		514E02331F73B27E001BFB39 /* ReviewsTableViewCell.swift */ = {isa = PBXFileReference; fileEncoding = 4; lastKnownFileType = sourcecode.swift; path = ReviewsTableViewCell.swift; sourceTree = "<group>"; };
		514E02351F73BBCF001BFB39 /* CustomHeaderTableViewCell.swift */ = {isa = PBXFileReference; fileEncoding = 4; lastKnownFileType = sourcecode.swift; path = CustomHeaderTableViewCell.swift; sourceTree = "<group>"; };
		514E02371F73BBFC001BFB39 /* PlaceDetailsTableViewCell.swift */ = {isa = PBXFileReference; fileEncoding = 4; lastKnownFileType = sourcecode.swift; path = PlaceDetailsTableViewCell.swift; sourceTree = "<group>"; };
		514E02391F73C6CC001BFB39 /* MapViewTableViewCell.swift */ = {isa = PBXFileReference; fileEncoding = 4; lastKnownFileType = sourcecode.swift; path = MapViewTableViewCell.swift; sourceTree = "<group>"; };
		515414FD1F4EA7B0006528B2 /* Eventos.app */ = {isa = PBXFileReference; explicitFileType = wrapper.application; includeInIndex = 0; path = Eventos.app; sourceTree = BUILT_PRODUCTS_DIR; };
		515415001F4EA7B0006528B2 /* AppDelegate.swift */ = {isa = PBXFileReference; lastKnownFileType = sourcecode.swift; path = AppDelegate.swift; sourceTree = "<group>"; };
		515415021F4EA7B0006528B2 /* ViewController.swift */ = {isa = PBXFileReference; lastKnownFileType = sourcecode.swift; path = ViewController.swift; sourceTree = "<group>"; };
		515415051F4EA7B0006528B2 /* Base */ = {isa = PBXFileReference; lastKnownFileType = file.storyboard; name = Base; path = Base.lproj/Main.storyboard; sourceTree = "<group>"; };
		515415071F4EA7B0006528B2 /* Assets.xcassets */ = {isa = PBXFileReference; lastKnownFileType = folder.assetcatalog; path = Assets.xcassets; sourceTree = "<group>"; };
		5154150A1F4EA7B1006528B2 /* Base */ = {isa = PBXFileReference; lastKnownFileType = file.storyboard; name = Base; path = Base.lproj/LaunchScreen.storyboard; sourceTree = "<group>"; };
		5154150C1F4EA7B1006528B2 /* Info.plist */ = {isa = PBXFileReference; lastKnownFileType = text.plist.xml; path = Info.plist; sourceTree = "<group>"; };
		515415111F4EA7B1006528B2 /* EventosTests.xctest */ = {isa = PBXFileReference; explicitFileType = wrapper.cfbundle; includeInIndex = 0; path = EventosTests.xctest; sourceTree = BUILT_PRODUCTS_DIR; };
		515415151F4EA7B2006528B2 /* EventosTests.swift */ = {isa = PBXFileReference; lastKnownFileType = sourcecode.swift; path = EventosTests.swift; sourceTree = "<group>"; };
		515415171F4EA7B2006528B2 /* Info.plist */ = {isa = PBXFileReference; lastKnownFileType = text.plist.xml; path = Info.plist; sourceTree = "<group>"; };
		515415241F4EC8BC006528B2 /* c5c5f226210629.563531c68ee72.jpg */ = {isa = PBXFileReference; lastKnownFileType = image.jpeg; path = c5c5f226210629.563531c68ee72.jpg; sourceTree = "<group>"; };
		5155DA191F723E820014B6A4 /* SlidingContainerSliderView.swift */ = {isa = PBXFileReference; fileEncoding = 4; lastKnownFileType = sourcecode.swift; path = SlidingContainerSliderView.swift; sourceTree = "<group>"; };
		5155DA1A1F723E820014B6A4 /* SlidingContainerViewController.swift */ = {isa = PBXFileReference; fileEncoding = 4; lastKnownFileType = sourcecode.swift; path = SlidingContainerViewController.swift; sourceTree = "<group>"; };
		5155DA1E1F723FD50014B6A4 /* ColorFile.swift */ = {isa = PBXFileReference; fileEncoding = 4; lastKnownFileType = sourcecode.swift; path = ColorFile.swift; sourceTree = "<group>"; };
		5155DA241F7291090014B6A4 /* IQNSArray+Sort.swift */ = {isa = PBXFileReference; fileEncoding = 4; lastKnownFileType = sourcecode.swift; path = "IQNSArray+Sort.swift"; sourceTree = "<group>"; };
		5155DA251F7291090014B6A4 /* IQUIScrollView+Additions.swift */ = {isa = PBXFileReference; fileEncoding = 4; lastKnownFileType = sourcecode.swift; path = "IQUIScrollView+Additions.swift"; sourceTree = "<group>"; };
		5155DA261F7291090014B6A4 /* IQUITextFieldView+Additions.swift */ = {isa = PBXFileReference; fileEncoding = 4; lastKnownFileType = sourcecode.swift; path = "IQUITextFieldView+Additions.swift"; sourceTree = "<group>"; };
		5155DA271F7291090014B6A4 /* IQUIView+Hierarchy.swift */ = {isa = PBXFileReference; fileEncoding = 4; lastKnownFileType = sourcecode.swift; path = "IQUIView+Hierarchy.swift"; sourceTree = "<group>"; };
		5155DA281F7291090014B6A4 /* IQUIViewController+Additions.swift */ = {isa = PBXFileReference; fileEncoding = 4; lastKnownFileType = sourcecode.swift; path = "IQUIViewController+Additions.swift"; sourceTree = "<group>"; };
		5155DA291F7291090014B6A4 /* IQUIWindow+Hierarchy.swift */ = {isa = PBXFileReference; fileEncoding = 4; lastKnownFileType = sourcecode.swift; path = "IQUIWindow+Hierarchy.swift"; sourceTree = "<group>"; };
		5155DA2B1F7291090014B6A4 /* IQKeyboardManagerConstants.swift */ = {isa = PBXFileReference; fileEncoding = 4; lastKnownFileType = sourcecode.swift; path = IQKeyboardManagerConstants.swift; sourceTree = "<group>"; };
		5155DA2C1F7291090014B6A4 /* IQKeyboardManagerConstantsInternal.swift */ = {isa = PBXFileReference; fileEncoding = 4; lastKnownFileType = sourcecode.swift; path = IQKeyboardManagerConstantsInternal.swift; sourceTree = "<group>"; };
		5155DA2D1F7291090014B6A4 /* IQKeyboardManager.swift */ = {isa = PBXFileReference; fileEncoding = 4; lastKnownFileType = sourcecode.swift; path = IQKeyboardManager.swift; sourceTree = "<group>"; };
		5155DA2E1F7291090014B6A4 /* IQKeyboardManagerSwift.h */ = {isa = PBXFileReference; fileEncoding = 4; lastKnownFileType = sourcecode.c.h; path = IQKeyboardManagerSwift.h; sourceTree = "<group>"; };
		5155DA2F1F7291090014B6A4 /* IQKeyboardReturnKeyHandler.swift */ = {isa = PBXFileReference; fileEncoding = 4; lastKnownFileType = sourcecode.swift; path = IQKeyboardReturnKeyHandler.swift; sourceTree = "<group>"; };
		5155DA311F7291090014B6A4 /* IQTextView.swift */ = {isa = PBXFileReference; fileEncoding = 4; lastKnownFileType = sourcecode.swift; path = IQTextView.swift; sourceTree = "<group>"; };
		5155DA331F7291090014B6A4 /* IQBarButtonItem.swift */ = {isa = PBXFileReference; fileEncoding = 4; lastKnownFileType = sourcecode.swift; path = IQBarButtonItem.swift; sourceTree = "<group>"; };
		5155DA341F7291090014B6A4 /* IQPreviousNextView.swift */ = {isa = PBXFileReference; fileEncoding = 4; lastKnownFileType = sourcecode.swift; path = IQPreviousNextView.swift; sourceTree = "<group>"; };
		5155DA351F7291090014B6A4 /* IQTitleBarButtonItem.swift */ = {isa = PBXFileReference; fileEncoding = 4; lastKnownFileType = sourcecode.swift; path = IQTitleBarButtonItem.swift; sourceTree = "<group>"; };
		5155DA361F7291090014B6A4 /* IQToolbar.swift */ = {isa = PBXFileReference; fileEncoding = 4; lastKnownFileType = sourcecode.swift; path = IQToolbar.swift; sourceTree = "<group>"; };
		5155DA371F7291090014B6A4 /* IQUIView+IQKeyboardToolbar.swift */ = {isa = PBXFileReference; fileEncoding = 4; lastKnownFileType = sourcecode.swift; path = "IQUIView+IQKeyboardToolbar.swift"; sourceTree = "<group>"; };
		5155DA391F7291090014B6A4 /* IQKeyboardManager.bundle */ = {isa = PBXFileReference; lastKnownFileType = "wrapper.plug-in"; path = IQKeyboardManager.bundle; sourceTree = "<group>"; };
		5155DA4B1F7293100014B6A4 /* PMSuperButton.swift */ = {isa = PBXFileReference; fileEncoding = 4; lastKnownFileType = sourcecode.swift; path = PMSuperButton.swift; sourceTree = "<group>"; };
		5155DA4D1F72931C0014B6A4 /* ListLoader.swift */ = {isa = PBXFileReference; fileEncoding = 4; lastKnownFileType = sourcecode.swift; path = ListLoader.swift; sourceTree = "<group>"; };
		5162BFCC1F8FA00C00A81D1F /* PackagesTableViewCell.swift */ = {isa = PBXFileReference; fileEncoding = 4; lastKnownFileType = sourcecode.swift; path = PackagesTableViewCell.swift; sourceTree = "<group>"; };
		5163D2D01FA0C022007D9E8C /* SearchHeaderTableViewCell.swift */ = {isa = PBXFileReference; fileEncoding = 4; lastKnownFileType = sourcecode.swift; path = SearchHeaderTableViewCell.swift; sourceTree = "<group>"; };
		5184E36D1F57FA9E001FA466 /* Eventos-Bridging-Header.h */ = {isa = PBXFileReference; lastKnownFileType = sourcecode.c.h; path = "Eventos-Bridging-Header.h"; sourceTree = "<group>"; };
		5184E4171F57FD6D001FA466 /* GoogleService-Info.plist */ = {isa = PBXFileReference; fileEncoding = 4; lastKnownFileType = text.plist.xml; path = "GoogleService-Info.plist"; sourceTree = "<group>"; };
		51960D8A1F7A22DB004B580B /* ListImageCollectionViewCell.swift */ = {isa = PBXFileReference; fileEncoding = 4; lastKnownFileType = sourcecode.swift; path = ListImageCollectionViewCell.swift; sourceTree = "<group>"; };
		51B0D6DF1F74B714000114D1 /* SliderSegmentViewController.swift */ = {isa = PBXFileReference; fileEncoding = 4; lastKnownFileType = sourcecode.swift; path = SliderSegmentViewController.swift; sourceTree = "<group>"; };
		51B0D6E11F74B7D1000114D1 /* SliderCollectionViewCell.swift */ = {isa = PBXFileReference; fileEncoding = 4; lastKnownFileType = sourcecode.swift; path = SliderCollectionViewCell.swift; sourceTree = "<group>"; };
		51B0D6E31F74B89A000114D1 /* SegmentCollectionViewCell.swift */ = {isa = PBXFileReference; fileEncoding = 4; lastKnownFileType = sourcecode.swift; path = SegmentCollectionViewCell.swift; sourceTree = "<group>"; };
		51B0D6E51F74DC85000114D1 /* DemoSegmentCollectionViewCell.swift */ = {isa = PBXFileReference; fileEncoding = 4; lastKnownFileType = sourcecode.swift; path = DemoSegmentCollectionViewCell.swift; sourceTree = "<group>"; };
		51B0D6E71F74E421000114D1 /* PackageCollectionViewCell.swift */ = {isa = PBXFileReference; fileEncoding = 4; lastKnownFileType = sourcecode.swift; path = PackageCollectionViewCell.swift; sourceTree = "<group>"; };
		51B0D6E91F74E42E000114D1 /* LoginCollectionViewCell.swift */ = {isa = PBXFileReference; fileEncoding = 4; lastKnownFileType = sourcecode.swift; path = LoginCollectionViewCell.swift; sourceTree = "<group>"; };
		51E009281F7902F800083FF1 /* Login1ViewController.swift */ = {isa = PBXFileReference; fileEncoding = 4; lastKnownFileType = sourcecode.swift; path = Login1ViewController.swift; sourceTree = "<group>"; };
		51E0092A1F79163300083FF1 /* bgImage.jpeg */ = {isa = PBXFileReference; lastKnownFileType = image.jpeg; path = bgImage.jpeg; sourceTree = "<group>"; };
		51E0092C1F7916D500083FF1 /* bg.jpeg */ = {isa = PBXFileReference; lastKnownFileType = image.jpeg; path = bg.jpeg; sourceTree = "<group>"; };
		51E0092E1F7918A300083FF1 /* cam_bg.jpeg */ = {isa = PBXFileReference; lastKnownFileType = image.jpeg; path = cam_bg.jpeg; sourceTree = "<group>"; };
		51E009301F791A1500083FF1 /* building.jpg */ = {isa = PBXFileReference; lastKnownFileType = image.jpeg; path = building.jpg; sourceTree = "<group>"; };
		51F18F1D2018ADA10058E43A /* .gitkeep */ = {isa = PBXFileReference; fileEncoding = 4; lastKnownFileType = text; path = .gitkeep; sourceTree = "<group>"; };
		51F18F1E2018ADA10058E43A /* APKenBurnsView.swift */ = {isa = PBXFileReference; fileEncoding = 4; lastKnownFileType = sourcecode.swift; path = APKenBurnsView.swift; sourceTree = "<group>"; };
		51F18F212018ADA10058E43A /* AnimationDataSource.swift */ = {isa = PBXFileReference; fileEncoding = 4; lastKnownFileType = sourcecode.swift; path = AnimationDataSource.swift; sourceTree = "<group>"; };
		51F18F222018ADA10058E43A /* AnimationDataSourceFactory.swift */ = {isa = PBXFileReference; fileEncoding = 4; lastKnownFileType = sourcecode.swift; path = AnimationDataSourceFactory.swift; sourceTree = "<group>"; };
		51F18F232018ADA10058E43A /* DefaultAnimationDataSource.swift */ = {isa = PBXFileReference; fileEncoding = 4; lastKnownFileType = sourcecode.swift; path = DefaultAnimationDataSource.swift; sourceTree = "<group>"; };
		51F18F242018ADA10058E43A /* FaceAnimationDataSource.swift */ = {isa = PBXFileReference; fileEncoding = 4; lastKnownFileType = sourcecode.swift; path = FaceAnimationDataSource.swift; sourceTree = "<group>"; };
		51F18F262018ADA10058E43A /* CALayer+Pause.swift */ = {isa = PBXFileReference; fileEncoding = 4; lastKnownFileType = sourcecode.swift; path = "CALayer+Pause.swift"; sourceTree = "<group>"; };
		51F18F272018ADA10058E43A /* UIImageView+ImageAnimation.swift */ = {isa = PBXFileReference; fileEncoding = 4; lastKnownFileType = sourcecode.swift; path = "UIImageView+ImageAnimation.swift"; sourceTree = "<group>"; };
		51F18F282018ADA10058E43A /* UIView+RestoreAnimations.swift */ = {isa = PBXFileReference; fileEncoding = 4; lastKnownFileType = sourcecode.swift; path = "UIView+RestoreAnimations.swift"; sourceTree = "<group>"; };
		51F18F2A2018ADA10058E43A /* FacesDrawer.swift */ = {isa = PBXFileReference; fileEncoding = 4; lastKnownFileType = sourcecode.swift; path = FacesDrawer.swift; sourceTree = "<group>"; };
		51F18F2B2018ADA10058E43A /* UIImage+FaceDetection.swift */ = {isa = PBXFileReference; fileEncoding = 4; lastKnownFileType = sourcecode.swift; path = "UIImage+FaceDetection.swift"; sourceTree = "<group>"; };
		51F18F2C2018ADA10058E43A /* Helpers.swift */ = {isa = PBXFileReference; fileEncoding = 4; lastKnownFileType = sourcecode.swift; path = Helpers.swift; sourceTree = "<group>"; };
		51F18F2D2018ADA10058E43A /* ImageAnimationCalculator.swift */ = {isa = PBXFileReference; fileEncoding = 4; lastKnownFileType = sourcecode.swift; path = ImageAnimationCalculator.swift; sourceTree = "<group>"; };
		51F18F2E2018ADA10058E43A /* Models.swift */ = {isa = PBXFileReference; fileEncoding = 4; lastKnownFileType = sourcecode.swift; path = Models.swift; sourceTree = "<group>"; };
		51F18F302018ADA10058E43A /* Random.swift */ = {isa = PBXFileReference; fileEncoding = 4; lastKnownFileType = sourcecode.swift; path = Random.swift; sourceTree = "<group>"; };
		51F18F312018ADA10058E43A /* RandomGenerator.swift */ = {isa = PBXFileReference; fileEncoding = 4; lastKnownFileType = sourcecode.swift; path = RandomGenerator.swift; sourceTree = "<group>"; };
		51F18F322018ADA10058E43A /* RuntimeProperties.swift */ = {isa = PBXFileReference; fileEncoding = 4; lastKnownFileType = sourcecode.swift; path = RuntimeProperties.swift; sourceTree = "<group>"; };
		51F18F342018ADA10058E43A /* BlockTimer.swift */ = {isa = PBXFileReference; fileEncoding = 4; lastKnownFileType = sourcecode.swift; path = BlockTimer.swift; sourceTree = "<group>"; };
		51F18F352018ADA10058E43A /* StopWatch.swift */ = {isa = PBXFileReference; fileEncoding = 4; lastKnownFileType = sourcecode.swift; path = StopWatch.swift; sourceTree = "<group>"; };
		51F1BE211F7298D7000C3484 /* CGRectExtension.swift */ = {isa = PBXFileReference; fileEncoding = 4; lastKnownFileType = sourcecode.swift; path = CGRectExtension.swift; sourceTree = "<group>"; };
		51F1BE221F7298D7000C3484 /* CustomTransitionViewController.swift */ = {isa = PBXFileReference; fileEncoding = 4; lastKnownFileType = sourcecode.swift; path = CustomTransitionViewController.swift; sourceTree = "<group>"; };
		51F1BE231F7298D7000C3484 /* FadeTransition.swift */ = {isa = PBXFileReference; fileEncoding = 4; lastKnownFileType = sourcecode.swift; path = FadeTransition.swift; sourceTree = "<group>"; };
		51F1BE241F7298D7000C3484 /* Info.plist */ = {isa = PBXFileReference; fileEncoding = 4; lastKnownFileType = text.plist.xml; path = Info.plist; sourceTree = "<group>"; };
		51F1BE251F7298D7000C3484 /* SpinerLayer.swift */ = {isa = PBXFileReference; fileEncoding = 4; lastKnownFileType = sourcecode.swift; path = SpinerLayer.swift; sourceTree = "<group>"; };
		51F1BE261F7298D7000C3484 /* TransitionButton.swift */ = {isa = PBXFileReference; fileEncoding = 4; lastKnownFileType = sourcecode.swift; path = TransitionButton.swift; sourceTree = "<group>"; };
		51F1BE2E1F729CF5000C3484 /* AutoKeyboard.h */ = {isa = PBXFileReference; fileEncoding = 4; lastKnownFileType = sourcecode.c.h; path = AutoKeyboard.h; sourceTree = "<group>"; };
		51F1BE2F1F729CF5000C3484 /* AutoKeyboard.swift */ = {isa = PBXFileReference; fileEncoding = 4; lastKnownFileType = sourcecode.swift; path = AutoKeyboard.swift; sourceTree = "<group>"; };
		51F1BE301F729CF5000C3484 /* Info.plist */ = {isa = PBXFileReference; fileEncoding = 4; lastKnownFileType = text.plist.xml; path = Info.plist; sourceTree = "<group>"; };
		5A8F04D0881192899B27BEE1 /* Pods_Eventos.framework */ = {isa = PBXFileReference; explicitFileType = wrapper.framework; includeInIndex = 0; path = Pods_Eventos.framework; sourceTree = BUILT_PRODUCTS_DIR; };
		62427791E501E5805BF34705 /* Pods_EventosTests.framework */ = {isa = PBXFileReference; explicitFileType = wrapper.framework; includeInIndex = 0; path = Pods_EventosTests.framework; sourceTree = BUILT_PRODUCTS_DIR; };
		706C6416343FD6252004BB77 /* Pods-Eventos.release.xcconfig */ = {isa = PBXFileReference; includeInIndex = 1; lastKnownFileType = text.xcconfig; name = "Pods-Eventos.release.xcconfig"; path = "Pods/Target Support Files/Pods-Eventos/Pods-Eventos.release.xcconfig"; sourceTree = "<group>"; };
		C36906521F7194DE003655B8 /* DemoImageCollectionViewCell.swift */ = {isa = PBXFileReference; fileEncoding = 4; lastKnownFileType = sourcecode.swift; path = DemoImageCollectionViewCell.swift; sourceTree = "<group>"; };
		C36906541F71960E003655B8 /* DetailImageViewViewController.swift */ = {isa = PBXFileReference; fileEncoding = 4; lastKnownFileType = sourcecode.swift; path = DetailImageViewViewController.swift; sourceTree = "<group>"; };
		C3888A4F1F7778BA0045F2ED /* SendEnquiry.xib */ = {isa = PBXFileReference; fileEncoding = 4; lastKnownFileType = file.xib; path = SendEnquiry.xib; sourceTree = "<group>"; };
		C3888A541F77811F0045F2ED /* BookMarkedView.swift */ = {isa = PBXFileReference; fileEncoding = 4; lastKnownFileType = sourcecode.swift; path = BookMarkedView.swift; sourceTree = "<group>"; };
		C3888A561F7796280045F2ED /* SendEnquiryWindow.swift */ = {isa = PBXFileReference; fileEncoding = 4; lastKnownFileType = sourcecode.swift; path = SendEnquiryWindow.swift; sourceTree = "<group>"; };
		C3A1F53E1F7EBB790066B893 /* SelectionViewController.swift */ = {isa = PBXFileReference; fileEncoding = 4; lastKnownFileType = sourcecode.swift; path = SelectionViewController.swift; sourceTree = "<group>"; };
		C3A976381F7F82D300369D6E /* SelectionImageCollectionViewCell.swift */ = {isa = PBXFileReference; fileEncoding = 4; lastKnownFileType = sourcecode.swift; path = SelectionImageCollectionViewCell.swift; sourceTree = "<group>"; };
		C3B8A5831F794E8C0021A230 /* www.jpeg */ = {isa = PBXFileReference; lastKnownFileType = image.jpeg; path = www.jpeg; sourceTree = "<group>"; };
		C3D84F6B1F741CC9006E78CB /* AbousUsTableViewCell.swift */ = {isa = PBXFileReference; fileEncoding = 4; lastKnownFileType = sourcecode.swift; path = AbousUsTableViewCell.swift; sourceTree = "<group>"; };
		C3D84F6D1F742744006E78CB /* SectionHeaderCollectionReusableView.swift */ = {isa = PBXFileReference; fileEncoding = 4; lastKnownFileType = sourcecode.swift; path = SectionHeaderCollectionReusableView.swift; sourceTree = "<group>"; };
		C3E19A8F2018E8280092563B /* FolderViewViewController.swift */ = {isa = PBXFileReference; fileEncoding = 4; lastKnownFileType = sourcecode.swift; path = FolderViewViewController.swift; sourceTree = "<group>"; };
		C3E19A912018F31A0092563B /* SignInViewController.swift */ = {isa = PBXFileReference; fileEncoding = 4; lastKnownFileType = sourcecode.swift; path = SignInViewController.swift; sourceTree = "<group>"; };
		E4B12DBD0C2BB3ACF75E896A /* Pods-EventosTests.debug.xcconfig */ = {isa = PBXFileReference; includeInIndex = 1; lastKnownFileType = text.xcconfig; name = "Pods-EventosTests.debug.xcconfig"; path = "Pods/Target Support Files/Pods-EventosTests/Pods-EventosTests.debug.xcconfig"; sourceTree = "<group>"; };
		F963BBE70D0656E3F3C1D8FD /* Pods-Eventos.debug.xcconfig */ = {isa = PBXFileReference; includeInIndex = 1; lastKnownFileType = text.xcconfig; name = "Pods-Eventos.debug.xcconfig"; path = "Pods/Target Support Files/Pods-Eventos/Pods-Eventos.debug.xcconfig"; sourceTree = "<group>"; };
/* End PBXFileReference section */

/* Begin PBXFrameworksBuildPhase section */
		515414FA1F4EA7B0006528B2 /* Frameworks */ = {
			isa = PBXFrameworksBuildPhase;
			buildActionMask = 2147483647;
			files = (
				E885E0E64B1CFFF8A4E9EB18 /* Pods_Eventos.framework in Frameworks */,
			);
			runOnlyForDeploymentPostprocessing = 0;
		};
		5154150E1F4EA7B1006528B2 /* Frameworks */ = {
			isa = PBXFrameworksBuildPhase;
			buildActionMask = 2147483647;
			files = (
				D82FF4F4CFF1795E59A3D3CB /* Pods_EventosTests.framework in Frameworks */,
			);
			runOnlyForDeploymentPostprocessing = 0;
		};
/* End PBXFrameworksBuildPhase section */

/* Begin PBXGroup section */
		4C32CAA3027A9A42D9A440A7 /* Frameworks */ = {
			isa = PBXGroup;
			children = (
				5A8F04D0881192899B27BEE1 /* Pods_Eventos.framework */,
				62427791E501E5805BF34705 /* Pods_EventosTests.framework */,
			);
			name = Frameworks;
			sourceTree = "<group>";
		};
		513944761F7152F00092340A /* Source */ = {
			isa = PBXGroup;
			children = (
				51F18F1C2018ADA10058E43A /* Classes */,
				5155DA221F7291090014B6A4 /* IQKeyboardManagerSwift */,
				51F1BE2D1F729CF5000C3484 /* AutoKeyboard */,
				51F1BE201F7298C1000C3484 /* transitionButton */,
				5155DA191F723E820014B6A4 /* SlidingContainerSliderView.swift */,
				5155DA1A1F723E820014B6A4 /* SlidingContainerViewController.swift */,
				5155DA4B1F7293100014B6A4 /* PMSuperButton.swift */,
				5155DA4D1F72931C0014B6A4 /* ListLoader.swift */,
			);
			path = Source;
			sourceTree = "<group>";
		};
		514224FC1F6BFB9500B9F39C /* images */ = {
			isa = PBXGroup;
			children = (
				513CAFC41F7A7DD4005B3E45 /* pexels-photo.jpg */,
				51E0092E1F7918A300083FF1 /* cam_bg.jpeg */,
				C3B8A5831F794E8C0021A230 /* www.jpeg */,
				51E0092C1F7916D500083FF1 /* bg.jpeg */,
				51E009301F791A1500083FF1 /* building.jpg */,
				51E0092A1F79163300083FF1 /* bgImage.jpeg */,
				514224F61F6B963F00B9F39C /* images.jpeg */,
				515415241F4EC8BC006528B2 /* c5c5f226210629.563531c68ee72.jpg */,
			);
			name = images;
			path = Eventos;
			sourceTree = "<group>";
		};
		514224FD1F6BFBB100B9F39C /* TableviewCells */ = {
			isa = PBXGroup;
			children = (
				514E02331F73B27E001BFB39 /* ReviewsTableViewCell.swift */,
				514E02351F73BBCF001BFB39 /* CustomHeaderTableViewCell.swift */,
				5163D2D01FA0C022007D9E8C /* SearchHeaderTableViewCell.swift */,
				5162BFCC1F8FA00C00A81D1F /* PackagesTableViewCell.swift */,
				C3D84F6B1F741CC9006E78CB /* AbousUsTableViewCell.swift */,
				514E02371F73BBFC001BFB39 /* PlaceDetailsTableViewCell.swift */,
				514E02391F73C6CC001BFB39 /* MapViewTableViewCell.swift */,
				514224FE1F6BFBCC00B9F39C /* ListViewTableViewCell.swift */,
			);
			name = TableviewCells;
			sourceTree = "<group>";
		};
		515414F41F4EA7B0006528B2 = {
			isa = PBXGroup;
			children = (
				515414FF1F4EA7B0006528B2 /* Eventos */,
				514224FC1F6BFB9500B9F39C /* images */,
				515415141F4EA7B1006528B2 /* EventosTests */,
				515414FE1F4EA7B0006528B2 /* Products */,
				6731E645E85543EDE4A9A805 /* Pods */,
				4C32CAA3027A9A42D9A440A7 /* Frameworks */,
			);
			sourceTree = "<group>";
		};
		515414FE1F4EA7B0006528B2 /* Products */ = {
			isa = PBXGroup;
			children = (
				515414FD1F4EA7B0006528B2 /* Eventos.app */,
				515415111F4EA7B1006528B2 /* EventosTests.xctest */,
			);
			name = Products;
			sourceTree = "<group>";
		};
		515414FF1F4EA7B0006528B2 /* Eventos */ = {
			isa = PBXGroup;
			children = (
				5155DA1D1F723F570014B6A4 /* CommonFile */,
				515415001F4EA7B0006528B2 /* AppDelegate.swift */,
				C3D84F6A1F741C8A006E78CB /* ViewControllers */,
				C36906511F719498003655B8 /* CollectionViewcells */,
				514224FD1F6BFBB100B9F39C /* TableviewCells */,
				513944761F7152F00092340A /* Source */,
				515415041F4EA7B0006528B2 /* Main.storyboard */,
				515415091F4EA7B1006528B2 /* LaunchScreen.storyboard */,
				5154150C1F4EA7B1006528B2 /* Info.plist */,
				5184E4171F57FD6D001FA466 /* GoogleService-Info.plist */,
				515415071F4EA7B0006528B2 /* Assets.xcassets */,
				5184E36D1F57FA9E001FA466 /* Eventos-Bridging-Header.h */,
			);
			path = Eventos;
			sourceTree = "<group>";
		};
		515415141F4EA7B1006528B2 /* EventosTests */ = {
			isa = PBXGroup;
			children = (
				515415151F4EA7B2006528B2 /* EventosTests.swift */,
				515415171F4EA7B2006528B2 /* Info.plist */,
			);
			path = EventosTests;
			sourceTree = "<group>";
		};
		5155DA1D1F723F570014B6A4 /* CommonFile */ = {
			isa = PBXGroup;
			children = (
				5155DA1E1F723FD50014B6A4 /* ColorFile.swift */,
			);
			name = CommonFile;
			sourceTree = "<group>";
		};
		5155DA221F7291090014B6A4 /* IQKeyboardManagerSwift */ = {
			isa = PBXGroup;
			children = (
				5155DA231F7291090014B6A4 /* Categories */,
				5155DA2A1F7291090014B6A4 /* Constants */,
				5155DA2D1F7291090014B6A4 /* IQKeyboardManager.swift */,
				5155DA2E1F7291090014B6A4 /* IQKeyboardManagerSwift.h */,
				5155DA2F1F7291090014B6A4 /* IQKeyboardReturnKeyHandler.swift */,
				5155DA301F7291090014B6A4 /* IQTextView */,
				5155DA321F7291090014B6A4 /* IQToolbar */,
				5155DA381F7291090014B6A4 /* Resources */,
			);
			name = IQKeyboardManagerSwift;
			path = ../IQKeyboardManagerSwift;
			sourceTree = "<group>";
		};
		5155DA231F7291090014B6A4 /* Categories */ = {
			isa = PBXGroup;
			children = (
				5155DA241F7291090014B6A4 /* IQNSArray+Sort.swift */,
				5155DA251F7291090014B6A4 /* IQUIScrollView+Additions.swift */,
				5155DA261F7291090014B6A4 /* IQUITextFieldView+Additions.swift */,
				5155DA271F7291090014B6A4 /* IQUIView+Hierarchy.swift */,
				5155DA281F7291090014B6A4 /* IQUIViewController+Additions.swift */,
				5155DA291F7291090014B6A4 /* IQUIWindow+Hierarchy.swift */,
			);
			path = Categories;
			sourceTree = "<group>";
		};
		5155DA2A1F7291090014B6A4 /* Constants */ = {
			isa = PBXGroup;
			children = (
				5155DA2B1F7291090014B6A4 /* IQKeyboardManagerConstants.swift */,
				5155DA2C1F7291090014B6A4 /* IQKeyboardManagerConstantsInternal.swift */,
			);
			path = Constants;
			sourceTree = "<group>";
		};
		5155DA301F7291090014B6A4 /* IQTextView */ = {
			isa = PBXGroup;
			children = (
				5155DA311F7291090014B6A4 /* IQTextView.swift */,
			);
			path = IQTextView;
			sourceTree = "<group>";
		};
		5155DA321F7291090014B6A4 /* IQToolbar */ = {
			isa = PBXGroup;
			children = (
				5155DA331F7291090014B6A4 /* IQBarButtonItem.swift */,
				5155DA341F7291090014B6A4 /* IQPreviousNextView.swift */,
				5155DA351F7291090014B6A4 /* IQTitleBarButtonItem.swift */,
				5155DA361F7291090014B6A4 /* IQToolbar.swift */,
				5155DA371F7291090014B6A4 /* IQUIView+IQKeyboardToolbar.swift */,
			);
			path = IQToolbar;
			sourceTree = "<group>";
		};
		5155DA381F7291090014B6A4 /* Resources */ = {
			isa = PBXGroup;
			children = (
				5155DA391F7291090014B6A4 /* IQKeyboardManager.bundle */,
			);
			path = Resources;
			sourceTree = "<group>";
		};
		51F18F1C2018ADA10058E43A /* Classes */ = {
			isa = PBXGroup;
			children = (
				51F18F1D2018ADA10058E43A /* .gitkeep */,
				51F18F1E2018ADA10058E43A /* APKenBurnsView.swift */,
				51F18F1F2018ADA10058E43A /* Private */,
			);
			path = Classes;
			sourceTree = "<group>";
		};
		51F18F1F2018ADA10058E43A /* Private */ = {
			isa = PBXGroup;
			children = (
				51F18F202018ADA10058E43A /* AnimationDataSources */,
				51F18F252018ADA10058E43A /* AnimationHelpers */,
				51F18F292018ADA10058E43A /* FaceRecognition */,
				51F18F2C2018ADA10058E43A /* Helpers.swift */,
				51F18F2D2018ADA10058E43A /* ImageAnimationCalculator.swift */,
				51F18F2E2018ADA10058E43A /* Models.swift */,
				51F18F2F2018ADA10058E43A /* Random */,
				51F18F322018ADA10058E43A /* RuntimeProperties.swift */,
				51F18F332018ADA10058E43A /* Timing */,
			);
			path = Private;
			sourceTree = "<group>";
		};
		51F18F202018ADA10058E43A /* AnimationDataSources */ = {
			isa = PBXGroup;
			children = (
				51F18F212018ADA10058E43A /* AnimationDataSource.swift */,
				51F18F222018ADA10058E43A /* AnimationDataSourceFactory.swift */,
				51F18F232018ADA10058E43A /* DefaultAnimationDataSource.swift */,
				51F18F242018ADA10058E43A /* FaceAnimationDataSource.swift */,
			);
			path = AnimationDataSources;
			sourceTree = "<group>";
		};
		51F18F252018ADA10058E43A /* AnimationHelpers */ = {
			isa = PBXGroup;
			children = (
				51F18F262018ADA10058E43A /* CALayer+Pause.swift */,
				51F18F272018ADA10058E43A /* UIImageView+ImageAnimation.swift */,
				51F18F282018ADA10058E43A /* UIView+RestoreAnimations.swift */,
			);
			path = AnimationHelpers;
			sourceTree = "<group>";
		};
		51F18F292018ADA10058E43A /* FaceRecognition */ = {
			isa = PBXGroup;
			children = (
				51F18F2A2018ADA10058E43A /* FacesDrawer.swift */,
				51F18F2B2018ADA10058E43A /* UIImage+FaceDetection.swift */,
			);
			path = FaceRecognition;
			sourceTree = "<group>";
		};
		51F18F2F2018ADA10058E43A /* Random */ = {
			isa = PBXGroup;
			children = (
				51F18F302018ADA10058E43A /* Random.swift */,
				51F18F312018ADA10058E43A /* RandomGenerator.swift */,
			);
			path = Random;
			sourceTree = "<group>";
		};
		51F18F332018ADA10058E43A /* Timing */ = {
			isa = PBXGroup;
			children = (
				51F18F342018ADA10058E43A /* BlockTimer.swift */,
				51F18F352018ADA10058E43A /* StopWatch.swift */,
			);
			path = Timing;
			sourceTree = "<group>";
		};
		51F1BE201F7298C1000C3484 /* transitionButton */ = {
			isa = PBXGroup;
			children = (
				51F1BE211F7298D7000C3484 /* CGRectExtension.swift */,
				51F1BE221F7298D7000C3484 /* CustomTransitionViewController.swift */,
				51F1BE231F7298D7000C3484 /* FadeTransition.swift */,
				51F1BE241F7298D7000C3484 /* Info.plist */,
				51F1BE251F7298D7000C3484 /* SpinerLayer.swift */,
				51F1BE261F7298D7000C3484 /* TransitionButton.swift */,
			);
			name = transitionButton;
			sourceTree = "<group>";
		};
		51F1BE2D1F729CF5000C3484 /* AutoKeyboard */ = {
			isa = PBXGroup;
			children = (
				51F1BE2E1F729CF5000C3484 /* AutoKeyboard.h */,
				51F1BE2F1F729CF5000C3484 /* AutoKeyboard.swift */,
				51F1BE301F729CF5000C3484 /* Info.plist */,
			);
			path = AutoKeyboard;
			sourceTree = "<group>";
		};
		6731E645E85543EDE4A9A805 /* Pods */ = {
			isa = PBXGroup;
			children = (
				F963BBE70D0656E3F3C1D8FD /* Pods-Eventos.debug.xcconfig */,
				706C6416343FD6252004BB77 /* Pods-Eventos.release.xcconfig */,
				E4B12DBD0C2BB3ACF75E896A /* Pods-EventosTests.debug.xcconfig */,
				49A6810E74F548CF12AC8976 /* Pods-EventosTests.release.xcconfig */,
			);
			name = Pods;
			sourceTree = "<group>";
		};
		C36906511F719498003655B8 /* CollectionViewcells */ = {
			isa = PBXGroup;
			children = (
				C3D84F6D1F742744006E78CB /* SectionHeaderCollectionReusableView.swift */,
				51B0D6E11F74B7D1000114D1 /* SliderCollectionViewCell.swift */,
				C3A976381F7F82D300369D6E /* SelectionImageCollectionViewCell.swift */,
				C36906521F7194DE003655B8 /* DemoImageCollectionViewCell.swift */,
				51960D8A1F7A22DB004B580B /* ListImageCollectionViewCell.swift */,
				51B0D6E31F74B89A000114D1 /* SegmentCollectionViewCell.swift */,
				51B0D6E51F74DC85000114D1 /* DemoSegmentCollectionViewCell.swift */,
				51B0D6E71F74E421000114D1 /* PackageCollectionViewCell.swift */,
				51B0D6E91F74E42E000114D1 /* LoginCollectionViewCell.swift */,
			);
			name = CollectionViewcells;
			path = Source;
			sourceTree = "<group>";
		};
		C3888A531F7780E50045F2ED /* CustomView */ = {
			isa = PBXGroup;
			children = (
				C3888A4F1F7778BA0045F2ED /* SendEnquiry.xib */,
				C3888A561F7796280045F2ED /* SendEnquiryWindow.swift */,
				C3888A541F77811F0045F2ED /* BookMarkedView.swift */,
			);
			name = CustomView;
			sourceTree = "<group>";
		};
		C3D84F6A1F741C8A006E78CB /* ViewControllers */ = {
			isa = PBXGroup;
			children = (
				515415021F4EA7B0006528B2 /* ViewController.swift */,
				51E009281F7902F800083FF1 /* Login1ViewController.swift */,
				C3E19A912018F31A0092563B /* SignInViewController.swift */,
				514224FA1F6BFAF400B9F39C /* ListViewViewController.swift */,
				C3A1F53E1F7EBB790066B893 /* SelectionViewController.swift */,
				C3E19A8F2018E8280092563B /* FolderViewViewController.swift */,
				51B0D6DF1F74B714000114D1 /* SliderSegmentViewController.swift */,
				5139447D1F7154C20092340A /* DemosViewController.swift */,
				C36906541F71960E003655B8 /* DetailImageViewViewController.swift */,
				C3888A531F7780E50045F2ED /* CustomView */,
			);
			name = ViewControllers;
			sourceTree = "<group>";
		};
/* End PBXGroup section */

/* Begin PBXNativeTarget section */
		515414FC1F4EA7B0006528B2 /* Eventos */ = {
			isa = PBXNativeTarget;
			buildConfigurationList = 5154151A1F4EA7B2006528B2 /* Build configuration list for PBXNativeTarget "Eventos" */;
			buildPhases = (
				B42C2B953E6707F901DC0FE6 /* [CP] Check Pods Manifest.lock */,
				515414F91F4EA7B0006528B2 /* Sources */,
				515414FA1F4EA7B0006528B2 /* Frameworks */,
				515414FB1F4EA7B0006528B2 /* Resources */,
				0C34CEB4B9E19EF9156353A4 /* [CP] Embed Pods Frameworks */,
				5CA02A0D83EE9991B21BD76E /* [CP] Copy Pods Resources */,
			);
			buildRules = (
			);
			dependencies = (
			);
			name = Eventos;
			productName = Eventos;
			productReference = 515414FD1F4EA7B0006528B2 /* Eventos.app */;
			productType = "com.apple.product-type.application";
		};
		515415101F4EA7B1006528B2 /* EventosTests */ = {
			isa = PBXNativeTarget;
			buildConfigurationList = 5154151D1F4EA7B2006528B2 /* Build configuration list for PBXNativeTarget "EventosTests" */;
			buildPhases = (
				B806385015B9925D925F06BC /* [CP] Check Pods Manifest.lock */,
				5154150D1F4EA7B1006528B2 /* Sources */,
				5154150E1F4EA7B1006528B2 /* Frameworks */,
				5154150F1F4EA7B1006528B2 /* Resources */,
				5A572AEC5CD0C932B7C26D30 /* [CP] Embed Pods Frameworks */,
				DB3EF420DEC2176FC8144FA1 /* [CP] Copy Pods Resources */,
			);
			buildRules = (
			);
			dependencies = (
				515415131F4EA7B1006528B2 /* PBXTargetDependency */,
			);
			name = EventosTests;
			productName = EventosTests;
			productReference = 515415111F4EA7B1006528B2 /* EventosTests.xctest */;
			productType = "com.apple.product-type.bundle.unit-test";
		};
/* End PBXNativeTarget section */

/* Begin PBXProject section */
		515414F51F4EA7B0006528B2 /* Project object */ = {
			isa = PBXProject;
			attributes = {
				LastSwiftUpdateCheck = 0830;
				LastUpgradeCheck = 0830;
				ORGANIZATIONNAME = citrusinformatics;
				TargetAttributes = {
					515414FC1F4EA7B0006528B2 = {
						CreatedOnToolsVersion = 8.3.2;
						DevelopmentTeam = R53759X3UQ;
						LastSwiftMigration = 0830;
						ProvisioningStyle = Automatic;
					};
					515415101F4EA7B1006528B2 = {
						CreatedOnToolsVersion = 8.3.2;
						ProvisioningStyle = Automatic;
						TestTargetID = 515414FC1F4EA7B0006528B2;
					};
				};
			};
			buildConfigurationList = 515414F81F4EA7B0006528B2 /* Build configuration list for PBXProject "Eventos" */;
			compatibilityVersion = "Xcode 3.2";
			developmentRegion = English;
			hasScannedForEncodings = 0;
			knownRegions = (
				en,
				Base,
			);
			mainGroup = 515414F41F4EA7B0006528B2;
			productRefGroup = 515414FE1F4EA7B0006528B2 /* Products */;
			projectDirPath = "";
			projectRoot = "";
			targets = (
				515414FC1F4EA7B0006528B2 /* Eventos */,
				515415101F4EA7B1006528B2 /* EventosTests */,
			);
		};
/* End PBXProject section */

/* Begin PBXResourcesBuildPhase section */
		515414FB1F4EA7B0006528B2 /* Resources */ = {
			isa = PBXResourcesBuildPhase;
			buildActionMask = 2147483647;
			files = (
				51E0092D1F7916D500083FF1 /* bg.jpeg in Resources */,
				C3B8A5841F794E8C0021A230 /* www.jpeg in Resources */,
				515415251F4EC8BC006528B2 /* c5c5f226210629.563531c68ee72.jpg in Resources */,
				51F1BE2A1F7298D7000C3484 /* Info.plist in Resources */,
				51E0092F1F7918A300083FF1 /* cam_bg.jpeg in Resources */,
				51E009311F791A1500083FF1 /* building.jpg in Resources */,
				5154150B1F4EA7B1006528B2 /* LaunchScreen.storyboard in Resources */,
				C3888A501F7778BB0045F2ED /* SendEnquiry.xib in Resources */,
				515415081F4EA7B0006528B2 /* Assets.xcassets in Resources */,
				51E0092B1F79163300083FF1 /* bgImage.jpeg in Resources */,
				515415061F4EA7B0006528B2 /* Main.storyboard in Resources */,
				51F18F362018ADA10058E43A /* .gitkeep in Resources */,
				5184E4181F57FD6D001FA466 /* GoogleService-Info.plist in Resources */,
				5155DA4A1F7291090014B6A4 /* IQKeyboardManager.bundle in Resources */,
				513CAFC51F7A7DD4005B3E45 /* pexels-photo.jpg in Resources */,
				51F1BE321F729CF5000C3484 /* Info.plist in Resources */,
				514224F71F6B963F00B9F39C /* images.jpeg in Resources */,
			);
			runOnlyForDeploymentPostprocessing = 0;
		};
		5154150F1F4EA7B1006528B2 /* Resources */ = {
			isa = PBXResourcesBuildPhase;
			buildActionMask = 2147483647;
			files = (
			);
			runOnlyForDeploymentPostprocessing = 0;
		};
/* End PBXResourcesBuildPhase section */

/* Begin PBXShellScriptBuildPhase section */
		0C34CEB4B9E19EF9156353A4 /* [CP] Embed Pods Frameworks */ = {
			isa = PBXShellScriptBuildPhase;
			buildActionMask = 2147483647;
			files = (
			);
			inputPaths = (
				"${SRCROOT}/Pods/Target Support Files/Pods-Eventos/Pods-Eventos-frameworks.sh",
				"${BUILT_PRODUCTS_DIR}/FontAwesome.swift/FontAwesome_swift.framework",
				"${BUILT_PRODUCTS_DIR}/Hero/Hero.framework",
			);
			name = "[CP] Embed Pods Frameworks";
			outputPaths = (
				"${TARGET_BUILD_DIR}/${FRAMEWORKS_FOLDER_PATH}/FontAwesome_swift.framework",
				"${TARGET_BUILD_DIR}/${FRAMEWORKS_FOLDER_PATH}/Hero.framework",
			);
			runOnlyForDeploymentPostprocessing = 0;
			shellPath = /bin/sh;
			shellScript = "\"${SRCROOT}/Pods/Target Support Files/Pods-Eventos/Pods-Eventos-frameworks.sh\"\n";
			showEnvVarsInLog = 0;
		};
		5A572AEC5CD0C932B7C26D30 /* [CP] Embed Pods Frameworks */ = {
			isa = PBXShellScriptBuildPhase;
			buildActionMask = 2147483647;
			files = (
			);
			inputPaths = (
			);
			name = "[CP] Embed Pods Frameworks";
			outputPaths = (
			);
			runOnlyForDeploymentPostprocessing = 0;
			shellPath = /bin/sh;
			shellScript = "\"${SRCROOT}/Pods/Target Support Files/Pods-EventosTests/Pods-EventosTests-frameworks.sh\"\n";
			showEnvVarsInLog = 0;
		};
		5CA02A0D83EE9991B21BD76E /* [CP] Copy Pods Resources */ = {
			isa = PBXShellScriptBuildPhase;
			buildActionMask = 2147483647;
			files = (
			);
			inputPaths = (
				"${SRCROOT}/Pods/Target Support Files/Pods-Eventos/Pods-Eventos-resources.sh",
				"${PODS_ROOT}/GoogleMaps/Maps/Frameworks/GoogleMaps.framework/Versions/A/Resources/GoogleMaps.bundle",
				"${PODS_ROOT}/GooglePlacePicker/Frameworks/GooglePlacePicker.framework/Versions/A/Resources/GooglePlacePicker.bundle",
				"${PODS_ROOT}/GooglePlaces/Frameworks/GooglePlaces.framework/Versions/A/Resources/GooglePlaces.bundle",
			);
			name = "[CP] Copy Pods Resources";
			outputPaths = (
				"${TARGET_BUILD_DIR}/${UNLOCALIZED_RESOURCES_FOLDER_PATH}",
			);
			runOnlyForDeploymentPostprocessing = 0;
			shellPath = /bin/sh;
			shellScript = "\"${SRCROOT}/Pods/Target Support Files/Pods-Eventos/Pods-Eventos-resources.sh\"\n";
			showEnvVarsInLog = 0;
		};
		B42C2B953E6707F901DC0FE6 /* [CP] Check Pods Manifest.lock */ = {
			isa = PBXShellScriptBuildPhase;
			buildActionMask = 2147483647;
			files = (
			);
			inputPaths = (
				"${PODS_PODFILE_DIR_PATH}/Podfile.lock",
				"${PODS_ROOT}/Manifest.lock",
			);
			name = "[CP] Check Pods Manifest.lock";
			outputPaths = (
				"$(DERIVED_FILE_DIR)/Pods-Eventos-checkManifestLockResult.txt",
			);
			runOnlyForDeploymentPostprocessing = 0;
			shellPath = /bin/sh;
			shellScript = "diff \"${PODS_PODFILE_DIR_PATH}/Podfile.lock\" \"${PODS_ROOT}/Manifest.lock\" > /dev/null\nif [ $? != 0 ] ; then\n    # print error to STDERR\n    echo \"error: The sandbox is not in sync with the Podfile.lock. Run 'pod install' or update your CocoaPods installation.\" >&2\n    exit 1\nfi\n";
			showEnvVarsInLog = 0;
		};
		B806385015B9925D925F06BC /* [CP] Check Pods Manifest.lock */ = {
			isa = PBXShellScriptBuildPhase;
			buildActionMask = 2147483647;
			files = (
			);
			inputPaths = (
				"${PODS_PODFILE_DIR_PATH}/Podfile.lock",
				"${PODS_ROOT}/Manifest.lock",
			);
			name = "[CP] Check Pods Manifest.lock";
			outputPaths = (
				"$(DERIVED_FILE_DIR)/Pods-EventosTests-checkManifestLockResult.txt",
			);
			runOnlyForDeploymentPostprocessing = 0;
			shellPath = /bin/sh;
			shellScript = "diff \"${PODS_PODFILE_DIR_PATH}/Podfile.lock\" \"${PODS_ROOT}/Manifest.lock\" > /dev/null\nif [ $? != 0 ] ; then\n    # print error to STDERR\n    echo \"error: The sandbox is not in sync with the Podfile.lock. Run 'pod install' or update your CocoaPods installation.\" >&2\n    exit 1\nfi\n";
			showEnvVarsInLog = 0;
		};
		DB3EF420DEC2176FC8144FA1 /* [CP] Copy Pods Resources */ = {
			isa = PBXShellScriptBuildPhase;
			buildActionMask = 2147483647;
			files = (
			);
			inputPaths = (
			);
			name = "[CP] Copy Pods Resources";
			outputPaths = (
			);
			runOnlyForDeploymentPostprocessing = 0;
			shellPath = /bin/sh;
			shellScript = "\"${SRCROOT}/Pods/Target Support Files/Pods-EventosTests/Pods-EventosTests-resources.sh\"\n";
			showEnvVarsInLog = 0;
		};
/* End PBXShellScriptBuildPhase section */

/* Begin PBXSourcesBuildPhase section */
		515414F91F4EA7B0006528B2 /* Sources */ = {
			isa = PBXSourcesBuildPhase;
			buildActionMask = 2147483647;
			files = (
				51F18F3C2018ADA10058E43A /* CALayer+Pause.swift in Sources */,
				51F18F3A2018ADA10058E43A /* DefaultAnimationDataSource.swift in Sources */,
				5155DA401F7291090014B6A4 /* IQKeyboardManagerConstants.swift in Sources */,
				51F1BE281F7298D7000C3484 /* CustomTransitionViewController.swift in Sources */,
				5155DA471F7291090014B6A4 /* IQTitleBarButtonItem.swift in Sources */,
				51F1BE2C1F7298D7000C3484 /* TransitionButton.swift in Sources */,
				5155DA461F7291090014B6A4 /* IQPreviousNextView.swift in Sources */,
				51F18F472018ADA10058E43A /* BlockTimer.swift in Sources */,
				5155DA431F7291090014B6A4 /* IQKeyboardReturnKeyHandler.swift in Sources */,
				5155DA441F7291090014B6A4 /* IQTextView.swift in Sources */,
				514E02341F73B27E001BFB39 /* ReviewsTableViewCell.swift in Sources */,
				5155DA1C1F723E820014B6A4 /* SlidingContainerViewController.swift in Sources */,
				514E02381F73BBFC001BFB39 /* PlaceDetailsTableViewCell.swift in Sources */,
				51B0D6E61F74DC85000114D1 /* DemoSegmentCollectionViewCell.swift in Sources */,
				5162BFCD1F8FA00C00A81D1F /* PackagesTableViewCell.swift in Sources */,
				51F18F482018ADA10058E43A /* StopWatch.swift in Sources */,
				51F18F3E2018ADA10058E43A /* UIView+RestoreAnimations.swift in Sources */,
				51B0D6EA1F74E42E000114D1 /* LoginCollectionViewCell.swift in Sources */,
				C3888A551F77811F0045F2ED /* BookMarkedView.swift in Sources */,
				5155DA451F7291090014B6A4 /* IQBarButtonItem.swift in Sources */,
				51F18F382018ADA10058E43A /* AnimationDataSource.swift in Sources */,
				5155DA3B1F7291090014B6A4 /* IQUIScrollView+Additions.swift in Sources */,
				51F18F442018ADA10058E43A /* Random.swift in Sources */,
				514E023A1F73C6CC001BFB39 /* MapViewTableViewCell.swift in Sources */,
				5155DA3E1F7291090014B6A4 /* IQUIViewController+Additions.swift in Sources */,
				51F18F422018ADA10058E43A /* ImageAnimationCalculator.swift in Sources */,
				514224FF1F6BFBCC00B9F39C /* ListViewTableViewCell.swift in Sources */,
				51F18F412018ADA10058E43A /* Helpers.swift in Sources */,
				5155DA3D1F7291090014B6A4 /* IQUIView+Hierarchy.swift in Sources */,
				514E02361F73BBCF001BFB39 /* CustomHeaderTableViewCell.swift in Sources */,
				C3888A571F7796280045F2ED /* SendEnquiryWindow.swift in Sources */,
				C3D84F6E1F742744006E78CB /* SectionHeaderCollectionReusableView.swift in Sources */,
				5155DA1F1F723FD50014B6A4 /* ColorFile.swift in Sources */,
				5155DA4E1F72931C0014B6A4 /* ListLoader.swift in Sources */,
				515415031F4EA7B0006528B2 /* ViewController.swift in Sources */,
				C3A1F53F1F7EBB790066B893 /* SelectionViewController.swift in Sources */,
				514224FB1F6BFAF400B9F39C /* ListViewViewController.swift in Sources */,
				5155DA3F1F7291090014B6A4 /* IQUIWindow+Hierarchy.swift in Sources */,
				51F18F3D2018ADA10058E43A /* UIImageView+ImageAnimation.swift in Sources */,
				51F18F372018ADA10058E43A /* APKenBurnsView.swift in Sources */,
				51F18F452018ADA10058E43A /* RandomGenerator.swift in Sources */,
				C36906551F71960E003655B8 /* DetailImageViewViewController.swift in Sources */,
				51F1BE311F729CF5000C3484 /* AutoKeyboard.swift in Sources */,
				515415011F4EA7B0006528B2 /* AppDelegate.swift in Sources */,
				51F1BE291F7298D7000C3484 /* FadeTransition.swift in Sources */,
				C3E19A902018E8280092563B /* FolderViewViewController.swift in Sources */,
				51F1BE271F7298D7000C3484 /* CGRectExtension.swift in Sources */,
				51B0D6E01F74B714000114D1 /* SliderSegmentViewController.swift in Sources */,
				51B0D6E41F74B89A000114D1 /* SegmentCollectionViewCell.swift in Sources */,
				51B0D6E81F74E421000114D1 /* PackageCollectionViewCell.swift in Sources */,
				5155DA1B1F723E820014B6A4 /* SlidingContainerSliderView.swift in Sources */,
				5155DA421F7291090014B6A4 /* IQKeyboardManager.swift in Sources */,
				C3D84F6C1F741CC9006E78CB /* AbousUsTableViewCell.swift in Sources */,
				51F18F392018ADA10058E43A /* AnimationDataSourceFactory.swift in Sources */,
				51F18F462018ADA10058E43A /* RuntimeProperties.swift in Sources */,
				5155DA411F7291090014B6A4 /* IQKeyboardManagerConstantsInternal.swift in Sources */,
				51F18F402018ADA10058E43A /* UIImage+FaceDetection.swift in Sources */,
				5155DA481F7291090014B6A4 /* IQToolbar.swift in Sources */,
				51E009291F7902F800083FF1 /* Login1ViewController.swift in Sources */,
				51960D8B1F7A22DB004B580B /* ListImageCollectionViewCell.swift in Sources */,
				5155DA491F7291090014B6A4 /* IQUIView+IQKeyboardToolbar.swift in Sources */,
				51B0D6E21F74B7D1000114D1 /* SliderCollectionViewCell.swift in Sources */,
				51F18F3F2018ADA10058E43A /* FacesDrawer.swift in Sources */,
				51F1BE2B1F7298D7000C3484 /* SpinerLayer.swift in Sources */,
				51F18F3B2018ADA10058E43A /* FaceAnimationDataSource.swift in Sources */,
				C3A976391F7F82D300369D6E /* SelectionImageCollectionViewCell.swift in Sources */,
				C3E19A922018F31A0092563B /* SignInViewController.swift in Sources */,
				5155DA3C1F7291090014B6A4 /* IQUITextFieldView+Additions.swift in Sources */,
				51F18F432018ADA10058E43A /* Models.swift in Sources */,
				5155DA4C1F7293100014B6A4 /* PMSuperButton.swift in Sources */,
				5163D2D11FA0C022007D9E8C /* SearchHeaderTableViewCell.swift in Sources */,
				5139447E1F7154C20092340A /* DemosViewController.swift in Sources */,
				5155DA3A1F7291090014B6A4 /* IQNSArray+Sort.swift in Sources */,
				C36906531F7194DF003655B8 /* DemoImageCollectionViewCell.swift in Sources */,
			);
			runOnlyForDeploymentPostprocessing = 0;
		};
		5154150D1F4EA7B1006528B2 /* Sources */ = {
			isa = PBXSourcesBuildPhase;
			buildActionMask = 2147483647;
			files = (
				515415161F4EA7B2006528B2 /* EventosTests.swift in Sources */,
			);
			runOnlyForDeploymentPostprocessing = 0;
		};
/* End PBXSourcesBuildPhase section */

/* Begin PBXTargetDependency section */
		515415131F4EA7B1006528B2 /* PBXTargetDependency */ = {
			isa = PBXTargetDependency;
			target = 515414FC1F4EA7B0006528B2 /* Eventos */;
			targetProxy = 515415121F4EA7B1006528B2 /* PBXContainerItemProxy */;
		};
/* End PBXTargetDependency section */

/* Begin PBXVariantGroup section */
		515415041F4EA7B0006528B2 /* Main.storyboard */ = {
			isa = PBXVariantGroup;
			children = (
				515415051F4EA7B0006528B2 /* Base */,
			);
			name = Main.storyboard;
			sourceTree = "<group>";
		};
		515415091F4EA7B1006528B2 /* LaunchScreen.storyboard */ = {
			isa = PBXVariantGroup;
			children = (
				5154150A1F4EA7B1006528B2 /* Base */,
			);
			name = LaunchScreen.storyboard;
			sourceTree = "<group>";
		};
/* End PBXVariantGroup section */

/* Begin XCBuildConfiguration section */
		515415181F4EA7B2006528B2 /* Debug */ = {
			isa = XCBuildConfiguration;
			buildSettings = {
				ALWAYS_SEARCH_USER_PATHS = NO;
				CLANG_ANALYZER_NONNULL = YES;
				CLANG_ANALYZER_NUMBER_OBJECT_CONVERSION = YES_AGGRESSIVE;
				CLANG_CXX_LANGUAGE_STANDARD = "gnu++0x";
				CLANG_CXX_LIBRARY = "libc++";
				CLANG_ENABLE_MODULES = YES;
				CLANG_ENABLE_OBJC_ARC = YES;
				CLANG_WARN_BOOL_CONVERSION = YES;
				CLANG_WARN_CONSTANT_CONVERSION = YES;
				CLANG_WARN_DIRECT_OBJC_ISA_USAGE = YES_ERROR;
				CLANG_WARN_DOCUMENTATION_COMMENTS = YES;
				CLANG_WARN_EMPTY_BODY = YES;
				CLANG_WARN_ENUM_CONVERSION = YES;
				CLANG_WARN_INFINITE_RECURSION = YES;
				CLANG_WARN_INT_CONVERSION = YES;
				CLANG_WARN_OBJC_ROOT_CLASS = YES_ERROR;
				CLANG_WARN_SUSPICIOUS_MOVE = YES;
				CLANG_WARN_UNREACHABLE_CODE = YES;
				CLANG_WARN__DUPLICATE_METHOD_MATCH = YES;
				"CODE_SIGN_IDENTITY[sdk=iphoneos*]" = "iPhone Developer";
				COPY_PHASE_STRIP = NO;
				DEBUG_INFORMATION_FORMAT = dwarf;
				ENABLE_STRICT_OBJC_MSGSEND = YES;
				ENABLE_TESTABILITY = YES;
				GCC_C_LANGUAGE_STANDARD = gnu99;
				GCC_DYNAMIC_NO_PIC = NO;
				GCC_NO_COMMON_BLOCKS = YES;
				GCC_OPTIMIZATION_LEVEL = 0;
				GCC_PREPROCESSOR_DEFINITIONS = (
					"DEBUG=1",
					"$(inherited)",
				);
				GCC_WARN_64_TO_32_BIT_CONVERSION = YES;
				GCC_WARN_ABOUT_RETURN_TYPE = YES_ERROR;
				GCC_WARN_UNDECLARED_SELECTOR = YES;
				GCC_WARN_UNINITIALIZED_AUTOS = YES_AGGRESSIVE;
				GCC_WARN_UNUSED_FUNCTION = YES;
				GCC_WARN_UNUSED_VARIABLE = YES;
				IPHONEOS_DEPLOYMENT_TARGET = 10.3;
				MTL_ENABLE_DEBUG_INFO = YES;
				ONLY_ACTIVE_ARCH = YES;
				SDKROOT = iphoneos;
				SWIFT_ACTIVE_COMPILATION_CONDITIONS = DEBUG;
				SWIFT_INSTALL_OBJC_HEADER = YES;
				SWIFT_OBJC_BRIDGING_HEADER = "";
				SWIFT_OPTIMIZATION_LEVEL = "-Onone";
			};
			name = Debug;
		};
		515415191F4EA7B2006528B2 /* Release */ = {
			isa = XCBuildConfiguration;
			buildSettings = {
				ALWAYS_SEARCH_USER_PATHS = NO;
				CLANG_ANALYZER_NONNULL = YES;
				CLANG_ANALYZER_NUMBER_OBJECT_CONVERSION = YES_AGGRESSIVE;
				CLANG_CXX_LANGUAGE_STANDARD = "gnu++0x";
				CLANG_CXX_LIBRARY = "libc++";
				CLANG_ENABLE_MODULES = YES;
				CLANG_ENABLE_OBJC_ARC = YES;
				CLANG_WARN_BOOL_CONVERSION = YES;
				CLANG_WARN_CONSTANT_CONVERSION = YES;
				CLANG_WARN_DIRECT_OBJC_ISA_USAGE = YES_ERROR;
				CLANG_WARN_DOCUMENTATION_COMMENTS = YES;
				CLANG_WARN_EMPTY_BODY = YES;
				CLANG_WARN_ENUM_CONVERSION = YES;
				CLANG_WARN_INFINITE_RECURSION = YES;
				CLANG_WARN_INT_CONVERSION = YES;
				CLANG_WARN_OBJC_ROOT_CLASS = YES_ERROR;
				CLANG_WARN_SUSPICIOUS_MOVE = YES;
				CLANG_WARN_UNREACHABLE_CODE = YES;
				CLANG_WARN__DUPLICATE_METHOD_MATCH = YES;
				"CODE_SIGN_IDENTITY[sdk=iphoneos*]" = "iPhone Developer";
				COPY_PHASE_STRIP = NO;
				DEBUG_INFORMATION_FORMAT = "dwarf-with-dsym";
				ENABLE_NS_ASSERTIONS = NO;
				ENABLE_STRICT_OBJC_MSGSEND = YES;
				GCC_C_LANGUAGE_STANDARD = gnu99;
				GCC_NO_COMMON_BLOCKS = YES;
				GCC_WARN_64_TO_32_BIT_CONVERSION = YES;
				GCC_WARN_ABOUT_RETURN_TYPE = YES_ERROR;
				GCC_WARN_UNDECLARED_SELECTOR = YES;
				GCC_WARN_UNINITIALIZED_AUTOS = YES_AGGRESSIVE;
				GCC_WARN_UNUSED_FUNCTION = YES;
				GCC_WARN_UNUSED_VARIABLE = YES;
				IPHONEOS_DEPLOYMENT_TARGET = 10.3;
				MTL_ENABLE_DEBUG_INFO = NO;
				SDKROOT = iphoneos;
				SWIFT_INSTALL_OBJC_HEADER = YES;
				SWIFT_OBJC_BRIDGING_HEADER = "";
				SWIFT_OPTIMIZATION_LEVEL = "-Owholemodule";
				VALIDATE_PRODUCT = YES;
			};
			name = Release;
		};
		5154151B1F4EA7B2006528B2 /* Debug */ = {
			isa = XCBuildConfiguration;
			baseConfigurationReference = F963BBE70D0656E3F3C1D8FD /* Pods-Eventos.debug.xcconfig */;
			buildSettings = {
				ASSETCATALOG_COMPILER_APPICON_NAME = AppIcon;
				CLANG_ENABLE_MODULES = YES;
				DEVELOPMENT_TEAM = R53759X3UQ;
				INFOPLIST_FILE = Eventos/Info.plist;
				LD_RUNPATH_SEARCH_PATHS = "$(inherited) @executable_path/Frameworks";
				PRODUCT_BUNDLE_IDENTIFIER = com.citrusInformatics.Eventos;
				PRODUCT_NAME = "$(TARGET_NAME)";
				SWIFT_OBJC_BRIDGING_HEADER = "Eventos/Eventos-Bridging-Header.h";
				SWIFT_OPTIMIZATION_LEVEL = "-Onone";
				SWIFT_VERSION = 3.0;
			};
			name = Debug;
		};
		5154151C1F4EA7B2006528B2 /* Release */ = {
			isa = XCBuildConfiguration;
			baseConfigurationReference = 706C6416343FD6252004BB77 /* Pods-Eventos.release.xcconfig */;
			buildSettings = {
				ASSETCATALOG_COMPILER_APPICON_NAME = AppIcon;
				CLANG_ENABLE_MODULES = YES;
				DEVELOPMENT_TEAM = R53759X3UQ;
				INFOPLIST_FILE = Eventos/Info.plist;
				LD_RUNPATH_SEARCH_PATHS = "$(inherited) @executable_path/Frameworks";
				PRODUCT_BUNDLE_IDENTIFIER = com.citrusInformatics.Eventos;
				PRODUCT_NAME = "$(TARGET_NAME)";
				SWIFT_OBJC_BRIDGING_HEADER = "Eventos/Eventos-Bridging-Header.h";
				SWIFT_VERSION = 3.0;
			};
			name = Release;
		};
		5154151E1F4EA7B2006528B2 /* Debug */ = {
			isa = XCBuildConfiguration;
			baseConfigurationReference = E4B12DBD0C2BB3ACF75E896A /* Pods-EventosTests.debug.xcconfig */;
			buildSettings = {
				ALWAYS_EMBED_SWIFT_STANDARD_LIBRARIES = YES;
				BUNDLE_LOADER = "$(TEST_HOST)";
				INFOPLIST_FILE = EventosTests/Info.plist;
				LD_RUNPATH_SEARCH_PATHS = "$(inherited) @executable_path/Frameworks @loader_path/Frameworks";
				PRODUCT_BUNDLE_IDENTIFIER = com.citrusInformatics.EventosTests;
				PRODUCT_NAME = "$(TARGET_NAME)";
				SWIFT_VERSION = 3.0;
				TEST_HOST = "$(BUILT_PRODUCTS_DIR)/Eventos.app/Eventos";
			};
			name = Debug;
		};
		5154151F1F4EA7B2006528B2 /* Release */ = {
			isa = XCBuildConfiguration;
			baseConfigurationReference = 49A6810E74F548CF12AC8976 /* Pods-EventosTests.release.xcconfig */;
			buildSettings = {
				ALWAYS_EMBED_SWIFT_STANDARD_LIBRARIES = YES;
				BUNDLE_LOADER = "$(TEST_HOST)";
				INFOPLIST_FILE = EventosTests/Info.plist;
				LD_RUNPATH_SEARCH_PATHS = "$(inherited) @executable_path/Frameworks @loader_path/Frameworks";
				PRODUCT_BUNDLE_IDENTIFIER = com.citrusInformatics.EventosTests;
				PRODUCT_NAME = "$(TARGET_NAME)";
				SWIFT_VERSION = 3.0;
				TEST_HOST = "$(BUILT_PRODUCTS_DIR)/Eventos.app/Eventos";
			};
			name = Release;
		};
/* End XCBuildConfiguration section */

/* Begin XCConfigurationList section */
		515414F81F4EA7B0006528B2 /* Build configuration list for PBXProject "Eventos" */ = {
			isa = XCConfigurationList;
			buildConfigurations = (
				515415181F4EA7B2006528B2 /* Debug */,
				515415191F4EA7B2006528B2 /* Release */,
			);
			defaultConfigurationIsVisible = 0;
			defaultConfigurationName = Release;
		};
		5154151A1F4EA7B2006528B2 /* Build configuration list for PBXNativeTarget "Eventos" */ = {
			isa = XCConfigurationList;
			buildConfigurations = (
				5154151B1F4EA7B2006528B2 /* Debug */,
				5154151C1F4EA7B2006528B2 /* Release */,
			);
			defaultConfigurationIsVisible = 0;
			defaultConfigurationName = Release;
		};
		5154151D1F4EA7B2006528B2 /* Build configuration list for PBXNativeTarget "EventosTests" */ = {
			isa = XCConfigurationList;
			buildConfigurations = (
				5154151E1F4EA7B2006528B2 /* Debug */,
				5154151F1F4EA7B2006528B2 /* Release */,
			);
			defaultConfigurationIsVisible = 0;
			defaultConfigurationName = Release;
		};
/* End XCConfigurationList section */
	};
	rootObject = 515414F51F4EA7B0006528B2 /* Project object */;
}
